
Microsoft Visual Studio Solution File, Format Version 12.00
Project("{2150E333-8FDC-42A3-9474-1A3956D46DE8}") = "scripts", "scripts", "{C5965DC2-8640-4299-956A-87CE85495F26}"
EndProject
Project("{2150E333-8FDC-42A3-9474-1A3956D46DE8}") = "samples", "samples", "{A50F8F80-CBC3-479C-9A1E-D339715F8B48}"
EndProject
Project("{FAE04EC0-301F-11D3-BF4B-00C04F79EFBC}") = "MFUtility", "src\MFUtility\MFUtility.csproj", "{F5FF046B-8ACE-4A9F-9100-F0AC35A4150D}"
EndProject
Project("{FAE04EC0-301F-11D3-BF4B-00C04F79EFBC}") = "MFUtility.Bus", "src\MFUtility.Bus\MFUtility.Bus.csproj", "{1B49F2DA-457D-4A1B-9D8D-B0E40EB0AF02}"
EndProject
Project("{FAE04EC0-301F-11D3-BF4B-00C04F79EFBC}") = "MFUtility.Common", "src\MFUtility.Common\MFUtility.Common.csproj", "{1A98E8F3-CDCA-44F9-8BC7-09A37EC998C2}"
EndProject
Project("{FAE04EC0-301F-11D3-BF4B-00C04F79EFBC}") = "MFUtility.Ioc", "src\MFUtility.Ioc\MFUtility.Ioc.csproj", "{2FD650ED-E4C5-4833-B637-3FD8B72AC443}"
EndProject
Project("{FAE04EC0-301F-11D3-BF4B-00C04F79EFBC}") = "MFUtility.Logging", "src\MFUtility.Logging\MFUtility.Logging.csproj", "{F7ABB7AA-2749-4452-B2A6-FA368729BA20}"
EndProject
Project("{FAE04EC0-301F-11D3-BF4B-00C04F79EFBC}") = "MFUtility.Mvvm.Avalonia", "src\MFUtility.Mvvm.Avalonia\MFUtility.Mvvm.Avalonia.csproj", "{98B02506-F08C-4A93-9D82-CADB4DE230E9}"
EndProject
Project("{FAE04EC0-301F-11D3-BF4B-00C04F79EFBC}") = "MFUtility.Mvvm.Wpf.Framework", "src\MFUtility.Mvvm.Wpf.Framework\MFUtility.Mvvm.Wpf.Framework.csproj", "{0EDF15B7-3CEE-4C01-A7BD-C77B1D0D6545}"
EndProject
Project("{FAE04EC0-301F-11D3-BF4B-00C04F79EFBC}") = "MFUtility.Mvvm.Wpf.Toolkit", "src\MFUtility.Mvvm.Wpf.Toolkit\MFUtility.Mvvm.Wpf.Toolkit.csproj", "{7ACB4A88-4B4E-44CF-84C8-4FF2D6099211}"
EndProject
Project("{FAE04EC0-301F-11D3-BF4B-00C04F79EFBC}") = "MFUtility.WPF", "src\MFUtility.WPF\MFUtility.WPF.csproj", "{4DF12035-BBB2-4AFD-A6FD-5166F518285D}"
EndProject
Project("{FAE04EC0-301F-11D3-BF4B-00C04F79EFBC}") = "CommonPublisher", "scripts\CommonPublisher\CommonPublisher.csproj", "{29D1D508-CCFC-495C-9E0F-528565141E39}"
EndProject
Project("{2150E333-8FDC-42A3-9474-1A3956D46DE8}") = "src", "src", "{073219DA-D83D-475E-81A4-6A4782A92347}"
EndProject
Project("{FAE04EC0-301F-11D3-BF4B-00C04F79EFBC}") = "Test5Framework", "samples\Test5Framework\Test5Framework.csproj", "{0E6294C0-D11A-4E1A-A2D8-9CF3B738026C}"
EndProject
Project("{FAE04EC0-301F-11D3-BF4B-00C04F79EFBC}") = "Test2", "samples\Test2\Test2.csproj", "{38DA4609-4BD0-43F2-AC2F-45771ADBE3AC}"
EndProject
Project("{FAE04EC0-301F-11D3-BF4B-00C04F79EFBC}") = "NugetPublisher", "scripts\NugetPublisher\NugetPublisher.csproj", "{0CC37B06-A08C-4184-A529-6DD1C2956876}"
EndProject
Project("{FAE04EC0-301F-11D3-BF4B-00C04F79EFBC}") = "MFUtility.Configuration", "src\MFUtility.Configuration\MFUtility.Configuration.csproj", "{29112462-117D-4CF5-AEBB-9AD3AB068463}"
EndProject
Project("{FAE04EC0-301F-11D3-BF4B-00C04F79EFBC}") = "Test3", "samples\Test3\Test3.csproj", "{EB3433DD-C779-4A12-A24C-A086CFF2E7B0}"
EndProject
Global
	GlobalSection(SolutionConfigurationPlatforms) = preSolution
		Debug|Any CPU = Debug|Any CPU
		Release|Any CPU = Release|Any CPU
	EndGlobalSection
	GlobalSection(ProjectConfigurationPlatforms) = postSolution
		{F5FF046B-8ACE-4A9F-9100-F0AC35A4150D}.Debug|Any CPU.ActiveCfg = Debug|Any CPU
		{F5FF046B-8ACE-4A9F-9100-F0AC35A4150D}.Debug|Any CPU.Build.0 = Debug|Any CPU
		{F5FF046B-8ACE-4A9F-9100-F0AC35A4150D}.Release|Any CPU.ActiveCfg = Release|Any CPU
		{F5FF046B-8ACE-4A9F-9100-F0AC35A4150D}.Release|Any CPU.Build.0 = Release|Any CPU
		{1B49F2DA-457D-4A1B-9D8D-B0E40EB0AF02}.Debug|Any CPU.ActiveCfg = Debug|Any CPU
		{1B49F2DA-457D-4A1B-9D8D-B0E40EB0AF02}.Debug|Any CPU.Build.0 = Debug|Any CPU
		{1B49F2DA-457D-4A1B-9D8D-B0E40EB0AF02}.Release|Any CPU.ActiveCfg = Release|Any CPU
		{1B49F2DA-457D-4A1B-9D8D-B0E40EB0AF02}.Release|Any CPU.Build.0 = Release|Any CPU
		{1A98E8F3-CDCA-44F9-8BC7-09A37EC998C2}.Debug|Any CPU.ActiveCfg = Debug|Any CPU
		{1A98E8F3-CDCA-44F9-8BC7-09A37EC998C2}.Debug|Any CPU.Build.0 = Debug|Any CPU
		{1A98E8F3-CDCA-44F9-8BC7-09A37EC998C2}.Release|Any CPU.ActiveCfg = Release|Any CPU
		{1A98E8F3-CDCA-44F9-8BC7-09A37EC998C2}.Release|Any CPU.Build.0 = Release|Any CPU
		{2FD650ED-E4C5-4833-B637-3FD8B72AC443}.Debug|Any CPU.ActiveCfg = Debug|Any CPU
		{2FD650ED-E4C5-4833-B637-3FD8B72AC443}.Debug|Any CPU.Build.0 = Debug|Any CPU
		{2FD650ED-E4C5-4833-B637-3FD8B72AC443}.Release|Any CPU.ActiveCfg = Release|Any CPU
		{2FD650ED-E4C5-4833-B637-3FD8B72AC443}.Release|Any CPU.Build.0 = Release|Any CPU
		{F7ABB7AA-2749-4452-B2A6-FA368729BA20}.Debug|Any CPU.ActiveCfg = Debug|Any CPU
		{F7ABB7AA-2749-4452-B2A6-FA368729BA20}.Debug|Any CPU.Build.0 = Debug|Any CPU
		{F7ABB7AA-2749-4452-B2A6-FA368729BA20}.Release|Any CPU.ActiveCfg = Release|Any CPU
		{F7ABB7AA-2749-4452-B2A6-FA368729BA20}.Release|Any CPU.Build.0 = Release|Any CPU
		{98B02506-F08C-4A93-9D82-CADB4DE230E9}.Debug|Any CPU.ActiveCfg = Debug|Any CPU
		{98B02506-F08C-4A93-9D82-CADB4DE230E9}.Debug|Any CPU.Build.0 = Debug|Any CPU
		{98B02506-F08C-4A93-9D82-CADB4DE230E9}.Release|Any CPU.ActiveCfg = Release|Any CPU
		{98B02506-F08C-4A93-9D82-CADB4DE230E9}.Release|Any CPU.Build.0 = Release|Any CPU
		{0EDF15B7-3CEE-4C01-A7BD-C77B1D0D6545}.Debug|Any CPU.ActiveCfg = Debug|Any CPU
		{0EDF15B7-3CEE-4C01-A7BD-C77B1D0D6545}.Debug|Any CPU.Build.0 = Debug|Any CPU
		{0EDF15B7-3CEE-4C01-A7BD-C77B1D0D6545}.Release|Any CPU.ActiveCfg = Release|Any CPU
		{0EDF15B7-3CEE-4C01-A7BD-C77B1D0D6545}.Release|Any CPU.Build.0 = Release|Any CPU
		{7ACB4A88-4B4E-44CF-84C8-4FF2D6099211}.Debug|Any CPU.ActiveCfg = Debug|Any CPU
		{7ACB4A88-4B4E-44CF-84C8-4FF2D6099211}.Debug|Any CPU.Build.0 = Debug|Any CPU
		{7ACB4A88-4B4E-44CF-84C8-4FF2D6099211}.Release|Any CPU.ActiveCfg = Release|Any CPU
		{7ACB4A88-4B4E-44CF-84C8-4FF2D6099211}.Release|Any CPU.Build.0 = Release|Any CPU
		{4DF12035-BBB2-4AFD-A6FD-5166F518285D}.Debug|Any CPU.ActiveCfg = Debug|Any CPU
		{4DF12035-BBB2-4AFD-A6FD-5166F518285D}.Debug|Any CPU.Build.0 = Debug|Any CPU
		{4DF12035-BBB2-4AFD-A6FD-5166F518285D}.Release|Any CPU.ActiveCfg = Release|Any CPU
		{4DF12035-BBB2-4AFD-A6FD-5166F518285D}.Release|Any CPU.Build.0 = Release|Any CPU
		{29D1D508-CCFC-495C-9E0F-528565141E39}.Debug|Any CPU.ActiveCfg = Debug|Any CPU
		{29D1D508-CCFC-495C-9E0F-528565141E39}.Debug|Any CPU.Build.0 = Debug|Any CPU
		{29D1D508-CCFC-495C-9E0F-528565141E39}.Release|Any CPU.ActiveCfg = Release|Any CPU
		{29D1D508-CCFC-495C-9E0F-528565141E39}.Release|Any CPU.Build.0 = Release|Any CPU
		{0E6294C0-D11A-4E1A-A2D8-9CF3B738026C}.Debug|Any CPU.ActiveCfg = Debug|Any CPU
		{0E6294C0-D11A-4E1A-A2D8-9CF3B738026C}.Debug|Any CPU.Build.0 = Debug|Any CPU
		{0E6294C0-D11A-4E1A-A2D8-9CF3B738026C}.Release|Any CPU.ActiveCfg = Release|Any CPU
		{0E6294C0-D11A-4E1A-A2D8-9CF3B738026C}.Release|Any CPU.Build.0 = Release|Any CPU
		{38DA4609-4BD0-43F2-AC2F-45771ADBE3AC}.Debug|Any CPU.ActiveCfg = Debug|Any CPU
		{38DA4609-4BD0-43F2-AC2F-45771ADBE3AC}.Debug|Any CPU.Build.0 = Debug|Any CPU
		{38DA4609-4BD0-43F2-AC2F-45771ADBE3AC}.Release|Any CPU.ActiveCfg = Release|Any CPU
		{38DA4609-4BD0-43F2-AC2F-45771ADBE3AC}.Release|Any CPU.Build.0 = Release|Any CPU
		{0CC37B06-A08C-4184-A529-6DD1C2956876}.Debug|Any CPU.ActiveCfg = Debug|Any CPU
		{0CC37B06-A08C-4184-A529-6DD1C2956876}.Debug|Any CPU.Build.0 = Debug|Any CPU
		{0CC37B06-A08C-4184-A529-6DD1C2956876}.Release|Any CPU.ActiveCfg = Release|Any CPU
		{0CC37B06-A08C-4184-A529-6DD1C2956876}.Release|Any CPU.Build.0 = Release|Any CPU
		{29112462-117D-4CF5-AEBB-9AD3AB068463}.Debug|Any CPU.ActiveCfg = Debug|Any CPU
		{29112462-117D-4CF5-AEBB-9AD3AB068463}.Debug|Any CPU.Build.0 = Debug|Any CPU
		{29112462-117D-4CF5-AEBB-9AD3AB068463}.Release|Any CPU.ActiveCfg = Release|Any CPU
		{29112462-117D-4CF5-AEBB-9AD3AB068463}.Release|Any CPU.Build.0 = Release|Any CPU
		{EB3433DD-C779-4A12-A24C-A086CFF2E7B0}.Debug|Any CPU.ActiveCfg = Debug|Any CPU
		{EB3433DD-C779-4A12-A24C-A086CFF2E7B0}.Debug|Any CPU.Build.0 = Debug|Any CPU
		{EB3433DD-C779-4A12-A24C-A086CFF2E7B0}.Release|Any CPU.ActiveCfg = Release|Any CPU
		{EB3433DD-C779-4A12-A24C-A086CFF2E7B0}.Release|Any CPU.Build.0 = Release|Any CPU
	EndGlobalSection
	GlobalSection(NestedProjects) = preSolution
		{29D1D508-CCFC-495C-9E0F-528565141E39} = {C5965DC2-8640-4299-956A-87CE85495F26}
		{F5FF046B-8ACE-4A9F-9100-F0AC35A4150D} = {073219DA-D83D-475E-81A4-6A4782A92347}
		{1B49F2DA-457D-4A1B-9D8D-B0E40EB0AF02} = {073219DA-D83D-475E-81A4-6A4782A92347}
		{1A98E8F3-CDCA-44F9-8BC7-09A37EC998C2} = {073219DA-D83D-475E-81A4-6A4782A92347}
		{2FD650ED-E4C5-4833-B637-3FD8B72AC443} = {073219DA-D83D-475E-81A4-6A4782A92347}
		{F7ABB7AA-2749-4452-B2A6-FA368729BA20} = {073219DA-D83D-475E-81A4-6A4782A92347}
		{98B02506-F08C-4A93-9D82-CADB4DE230E9} = {073219DA-D83D-475E-81A4-6A4782A92347}
		{0EDF15B7-3CEE-4C01-A7BD-C77B1D0D6545} = {073219DA-D83D-475E-81A4-6A4782A92347}
		{7ACB4A88-4B4E-44CF-84C8-4FF2D6099211} = {073219DA-D83D-475E-81A4-6A4782A92347}
		{4DF12035-BBB2-4AFD-A6FD-5166F518285D} = {073219DA-D83D-475E-81A4-6A4782A92347}
		{0E6294C0-D11A-4E1A-A2D8-9CF3B738026C} = {A50F8F80-CBC3-479C-9A1E-D339715F8B48}
		{38DA4609-4BD0-43F2-AC2F-45771ADBE3AC} = {A50F8F80-CBC3-479C-9A1E-D339715F8B48}
		{0CC37B06-A08C-4184-A529-6DD1C2956876} = {C5965DC2-8640-4299-956A-87CE85495F26}
		{29112462-117D-4CF5-AEBB-9AD3AB068463} = {073219DA-D83D-475E-81A4-6A4782A92347}
		{EB3433DD-C779-4A12-A24C-A086CFF2E7B0} = {A50F8F80-CBC3-479C-9A1E-D339715F8B48}
	EndGlobalSection
EndGlobal
