
Microsoft Visual Studio Solution File, Format Version 12.00
Project("{FAE04EC0-301F-11D3-BF4B-00C04F79EFBC}") = "MFUtility", "MFUtility\MFUtility.csproj", "{BB84DDD8-E044-46C0-983B-61856E2B9E96}"
EndProject
Project("{FAE04EC0-301F-11D3-BF4B-00C04F79EFBC}") = "Test1", "Test1\Test1.csproj", "{F29A8A80-D8C5-4FE1-B39E-6325FC11F8D7}"
EndProject
Project("{2150E333-8FDC-42A3-9474-1A3956D46DE8}") = "Scripts", "Scripts", "{C5965DC2-8640-4299-956A-87CE85495F26}"
EndProject
Project("{FAE04EC0-301F-11D3-BF4B-00C04F79EFBC}") = "NugetPublisher", "NugetPublisher\NugetPublisher.csproj", "{26D47FC3-2B98-46F2-B8FB-3810E44AE82B}"
EndProject
Project("{FAE04EC0-301F-11D3-BF4B-00C04F79EFBC}") = "ResxAutoTranslator", "ResxAutoTranslator\ResxAutoTranslator.csproj", "{B7B092E1-287A-4570-ADA2-C19A16BD1EDB}"
EndProject
Project("{FAE04EC0-301F-11D3-BF4B-00C04F79EFBC}") = "MFUtility.Communication", "MFUtility.Communication\MFUtility.Communication.csproj", "{649EEA02-F02C-49AA-A5A0-E23E8F663347}"
EndProject
Project("{FAE04EC0-301F-11D3-BF4B-00C04F79EFBC}") = "CommunicationNugetPublisher", "CommunicationNugetPublisher\CommunicationNugetPublisher.csproj", "{D6DDD537-7DC8-42B0-8293-9078A221D8EC}"
EndProject
Project("{FAE04EC0-301F-11D3-BF4B-00C04F79EFBC}") = "Test2", "Test2\Test2.csproj", "{3B56ADCB-351D-4B14-9BD5-9D5CD72D800F}"
EndProject
Global
	GlobalSection(SolutionConfigurationPlatforms) = preSolution
		Debug|Any CPU = Debug|Any CPU
		Release|Any CPU = Release|Any CPU
	EndGlobalSection
	GlobalSection(ProjectConfigurationPlatforms) = postSolution
		{BB84DDD8-E044-46C0-983B-61856E2B9E96}.Debug|Any CPU.ActiveCfg = Debug|Any CPU
		{BB84DDD8-E044-46C0-983B-61856E2B9E96}.Debug|Any CPU.Build.0 = Debug|Any CPU
		{BB84DDD8-E044-46C0-983B-61856E2B9E96}.Release|Any CPU.ActiveCfg = Release|Any CPU
		{BB84DDD8-E044-46C0-983B-61856E2B9E96}.Release|Any CPU.Build.0 = Release|Any CPU
		{F29A8A80-D8C5-4FE1-B39E-6325FC11F8D7}.Debug|Any CPU.ActiveCfg = Debug|Any CPU
		{F29A8A80-D8C5-4FE1-B39E-6325FC11F8D7}.Debug|Any CPU.Build.0 = Debug|Any CPU
		{F29A8A80-D8C5-4FE1-B39E-6325FC11F8D7}.Release|Any CPU.ActiveCfg = Release|Any CPU
		{F29A8A80-D8C5-4FE1-B39E-6325FC11F8D7}.Release|Any CPU.Build.0 = Release|Any CPU
		{26D47FC3-2B98-46F2-B8FB-3810E44AE82B}.Debug|Any CPU.ActiveCfg = Debug|Any CPU
		{26D47FC3-2B98-46F2-B8FB-3810E44AE82B}.Debug|Any CPU.Build.0 = Debug|Any CPU
		{26D47FC3-2B98-46F2-B8FB-3810E44AE82B}.Release|Any CPU.ActiveCfg = Release|Any CPU
		{26D47FC3-2B98-46F2-B8FB-3810E44AE82B}.Release|Any CPU.Build.0 = Release|Any CPU
		{B7B092E1-287A-4570-ADA2-C19A16BD1EDB}.Debug|Any CPU.ActiveCfg = Debug|Any CPU
		{B7B092E1-287A-4570-ADA2-C19A16BD1EDB}.Debug|Any CPU.Build.0 = Debug|Any CPU
		{B7B092E1-287A-4570-ADA2-C19A16BD1EDB}.Release|Any CPU.ActiveCfg = Release|Any CPU
		{B7B092E1-287A-4570-ADA2-C19A16BD1EDB}.Release|Any CPU.Build.0 = Release|Any CPU
		{649EEA02-F02C-49AA-A5A0-E23E8F663347}.Debug|Any CPU.ActiveCfg = Debug|Any CPU
		{649EEA02-F02C-49AA-A5A0-E23E8F663347}.Debug|Any CPU.Build.0 = Debug|Any CPU
		{649EEA02-F02C-49AA-A5A0-E23E8F663347}.Release|Any CPU.ActiveCfg = Release|Any CPU
		{649EEA02-F02C-49AA-A5A0-E23E8F663347}.Release|Any CPU.Build.0 = Release|Any CPU
		{D6DDD537-7DC8-42B0-8293-9078A221D8EC}.Debug|Any CPU.ActiveCfg = Debug|Any CPU
		{D6DDD537-7DC8-42B0-8293-9078A221D8EC}.Debug|Any CPU.Build.0 = Debug|Any CPU
		{D6DDD537-7DC8-42B0-8293-9078A221D8EC}.Release|Any CPU.ActiveCfg = Release|Any CPU
		{D6DDD537-7DC8-42B0-8293-9078A221D8EC}.Release|Any CPU.Build.0 = Release|Any CPU
		{3B56ADCB-351D-4B14-9BD5-9D5CD72D800F}.Debug|Any CPU.ActiveCfg = Debug|Any CPU
		{3B56ADCB-351D-4B14-9BD5-9D5CD72D800F}.Debug|Any CPU.Build.0 = Debug|Any CPU
		{3B56ADCB-351D-4B14-9BD5-9D5CD72D800F}.Release|Any CPU.ActiveCfg = Release|Any CPU
		{3B56ADCB-351D-4B14-9BD5-9D5CD72D800F}.Release|Any CPU.Build.0 = Release|Any CPU
	EndGlobalSection
	GlobalSection(NestedProjects) = preSolution
		{26D47FC3-2B98-46F2-B8FB-3810E44AE82B} = {C5965DC2-8640-4299-956A-87CE85495F26}
		{B7B092E1-287A-4570-ADA2-C19A16BD1EDB} = {C5965DC2-8640-4299-956A-87CE85495F26}
		{D6DDD537-7DC8-42B0-8293-9078A221D8EC} = {C5965DC2-8640-4299-956A-87CE85495F26}
	EndGlobalSection
EndGlobal
